{
  "version": 1,
  "dependencies": {
    "net10.0": {
      "fullspectrum.knowledge.contracts": {
        "type": "Project"
      },
      "fullspectrum.knowledge.domain": {
        "type": "Project",
        "dependencies": {
          "FullSpectrum.Knowledge.Contracts": "[1.0.0, )"
        }
      },
      "fullspectrum.knowledge.fixed": {
        "type": "Project",
        "dependencies": {
          "FullSpectrum.Knowledge.Contracts": "[1.0.0, )",
          "FullSpectrum.Knowledge.Storage": "[1.0.0, )"
        }
      },
      "fullspectrum.knowledge.storage": {
        "type": "Project",
        "dependencies": {
          "FullSpectrum.Knowledge.Contracts": "[1.0.0, )"
        }
      },
      "fullspectrum.knowledge.trace": {
        "type": "Project",
        "dependencies": {
          "FullSpectrum.Knowledge.Contracts": "[1.0.0, )",
          "FullSpectrum.Knowledge.Storage": "[1.0.0, )"
        }
      }
    }
  }
}