{
  "version": 1,
  "dependencies": {
    "net10.0": {
      "fullspectrum.knowledge.contracts": {
        "type": "Project"
      },
      "fullspectrum.knowledge.domain": {
        "type": "Project",
        "dependencies": {
          "FullSpectrum.Knowledge.Contracts": "[0.1.1-alpha, )"
        }
      },
      "fullspectrum.knowledge.storage": {
        "type": "Project",
        "dependencies": {
          "FullSpectrum.Knowledge.Contracts": "[0.1.1-alpha, )",
          "FullSpectrum.Knowledge.Domain": "[0.1.1-alpha, )"
        }
      }
    }
  }
}